
Microsoft Visual Studio Solution File, Format Version 12.00
# Visual Studio Version 16
VisualStudioVersion = 16.0.31729.503
MinimumVisualStudioVersion = 10.0.40219.1
Project("{9A19103F-16F7-4668-BE54-9A1E7A4F7556}") = "NeuralNetworks", "NeuralNetworks\NeuralNetworks.csproj", "{4A2AFB6B-109E-4C43-8352-9D0D6878767C}"
EndProject
Project("{9A19103F-16F7-4668-BE54-9A1E7A4F7556}") = "NeuralNetworksTests", "NeuralNetworksTests\NeuralNetworksTests.csproj", "{D2E37C60-DA03-46CB-AC75-09913F11589D}"
EndProject
Project("{FAE04EC0-301F-11D3-BF4B-00C04F79EFBC}") = "MedicalSystem", "MedicalSystem\MedicalSystem.csproj", "{F93E3959-FEAA-485E-95A1-28C8BC6400E5}"
EndProject
Global
	GlobalSection(SolutionConfigurationPlatforms) = preSolution
		Debug|Any CPU = Debug|Any CPU
		Release|Any CPU = Release|Any CPU
	EndGlobalSection
	GlobalSection(ProjectConfigurationPlatforms) = postSolution
		{4A2AFB6B-109E-4C43-8352-9D0D6878767C}.Debug|Any CPU.ActiveCfg = Debug|Any CPU
		{4A2AFB6B-109E-4C43-8352-9D0D6878767C}.Debug|Any CPU.Build.0 = Debug|Any CPU
		{4A2AFB6B-109E-4C43-8352-9D0D6878767C}.Release|Any CPU.ActiveCfg = Release|Any CPU
		{4A2AFB6B-109E-4C43-8352-9D0D6878767C}.Release|Any CPU.Build.0 = Release|Any CPU
		{D2E37C60-DA03-46CB-AC75-09913F11589D}.Debug|Any CPU.ActiveCfg = Debug|Any CPU
		{D2E37C60-DA03-46CB-AC75-09913F11589D}.Debug|Any CPU.Build.0 = Debug|Any CPU
		{D2E37C60-DA03-46CB-AC75-09913F11589D}.Release|Any CPU.ActiveCfg = Release|Any CPU
		{D2E37C60-DA03-46CB-AC75-09913F11589D}.Release|Any CPU.Build.0 = Release|Any CPU
		{F93E3959-FEAA-485E-95A1-28C8BC6400E5}.Debug|Any CPU.ActiveCfg = Debug|Any CPU
		{F93E3959-FEAA-485E-95A1-28C8BC6400E5}.Debug|Any CPU.Build.0 = Debug|Any CPU
		{F93E3959-FEAA-485E-95A1-28C8BC6400E5}.Release|Any CPU.ActiveCfg = Release|Any CPU
		{F93E3959-FEAA-485E-95A1-28C8BC6400E5}.Release|Any CPU.Build.0 = Release|Any CPU
	EndGlobalSection
	GlobalSection(SolutionProperties) = preSolution
		HideSolutionNode = FALSE
	EndGlobalSection
	GlobalSection(ExtensibilityGlobals) = postSolution
		SolutionGuid = {74C570D3-1C27-4089-B115-3D0B84697627}
	EndGlobalSection
EndGlobal
